
Microsoft Visual Studio Solution File, Format Version 12.00
# Visual Studio Version 16
VisualStudioVersion = 16.0.30225.117
MinimumVisualStudioVersion = 10.0.40219.1
Project("{FAE04EC0-301F-11D3-BF4B-00C04F79EFBC}") = "MatchingForms", "MatchingForms\MatchingForms.csproj", "{81B69F32-76DC-44EA-8F3D-40ECFD4C2F44}"
EndProject
Global
	GlobalSection(SolutionConfigurationPlatforms) = preSolution
		Debug|Any CPU = Debug|Any CPU
		Release|Any CPU = Release|Any CPU
	EndGlobalSection
	GlobalSection(ProjectConfigurationPlatforms) = postSolution
		{81B69F32-76DC-44EA-8F3D-40ECFD4C2F44}.Debug|Any CPU.ActiveCfg = Debug|Any CPU
		{81B69F32-76DC-44EA-8F3D-40ECFD4C2F44}.Debug|Any CPU.Build.0 = Debug|Any CPU
		{81B69F32-76DC-44EA-8F3D-40ECFD4C2F44}.Release|Any CPU.ActiveCfg = Release|Any CPU
		{81B69F32-76DC-44EA-8F3D-40ECFD4C2F44}.Release|Any CPU.Build.0 = Release|Any CPU
	EndGlobalSection
	GlobalSection(SolutionProperties) = preSolution
		HideSolutionNode = FALSE
	EndGlobalSection
	GlobalSection(ExtensibilityGlobals) = postSolution
		SolutionGuid = {4691C555-E16C-4B28-A9E7-39F8CAE19EF8}
	EndGlobalSection
EndGlobal
