
Microsoft Visual Studio Solution File, Format Version 12.00
# Visual Studio Version 16
VisualStudioVersion = 16.0.30225.117
MinimumVisualStudioVersion = 10.0.40219.1
Project("{FAE04EC0-301F-11D3-BF4B-00C04F79EFBC}") = "MazeGame", "MazeGame\MazeGame.csproj", "{D8CE0A1C-143B-46FB-A822-3C959C28DA20}"
EndProject
Global
	GlobalSection(SolutionConfigurationPlatforms) = preSolution
		Debug|Any CPU = Debug|Any CPU
		Release|Any CPU = Release|Any CPU
	EndGlobalSection
	GlobalSection(ProjectConfigurationPlatforms) = postSolution
		{D8CE0A1C-143B-46FB-A822-3C959C28DA20}.Debug|Any CPU.ActiveCfg = Debug|Any CPU
		{D8CE0A1C-143B-46FB-A822-3C959C28DA20}.Debug|Any CPU.Build.0 = Debug|Any CPU
		{D8CE0A1C-143B-46FB-A822-3C959C28DA20}.Release|Any CPU.ActiveCfg = Release|Any CPU
		{D8CE0A1C-143B-46FB-A822-3C959C28DA20}.Release|Any CPU.Build.0 = Release|Any CPU
	EndGlobalSection
	GlobalSection(SolutionProperties) = preSolution
		HideSolutionNode = FALSE
	EndGlobalSection
	GlobalSection(ExtensibilityGlobals) = postSolution
		SolutionGuid = {C8066B88-7F91-49CD-965C-68CC04C09C35}
	EndGlobalSection
EndGlobal
